// !$*UTF8*$!
{
	archiveVersion = 1;
	classes = {
	};
	objectVersion = 48;
	objects = {

/* Begin PBXBuildFile section */
		BF592E8A2066A3CA0030CE19 /* Tokenizer.cpp in Sources */ = {isa = PBXBuildFile; fileRef = BF7F4BDA20645B8F00CF5E45 /* Tokenizer.cpp */; };
		BF592E8B2066A3CA0030CE19 /* ErrorLogging.cpp in Sources */ = {isa = PBXBuildFile; fileRef = BF592E8520668AF80030CE19 /* ErrorLogging.cpp */; };
		BF592E8C2066A3CA0030CE19 /* SourceFile.cpp in Sources */ = {isa = PBXBuildFile; fileRef = BF592E882066906E0030CE19 /* SourceFile.cpp */; };
		BF592E8D2066A3DD0030CE19 /* BasicConvertor.cpp in Sources */ = {isa = PBXBuildFile; fileRef = BF7F4BD6206456EC00CF5E45 /* BasicConvertor.cpp */; };
		BF592E8E2066A3DD0030CE19 /* BasicTextParser.cpp in Sources */ = {isa = PBXBuildFile; fileRef = BFD5939F2065C45800EBA126 /* BasicTextParser.cpp */; };
		BF592E8F2066A3DD0030CE19 /* BasicKeywords.cpp in Sources */ = {isa = PBXBuildFile; fileRef = BFD593A32065C64A00EBA126 /* BasicKeywords.cpp */; };
		BF592E902066A3E10030CE19 /* TapArchiveBuilder.cpp in Sources */ = {isa = PBXBuildFile; fileRef = BF7F4BCB206314D600CF5E45 /* TapArchiveBuilder.cpp */; };
		BF592E912066A3E40030CE19 /* FileEntry.cpp in Sources */ = {isa = PBXBuildFile; fileRef = BFD593A720666D0000EBA126 /* FileEntry.cpp */; };
		BF592E922066A3E70030CE19 /* BastapLib.cpp in Sources */ = {isa = PBXBuildFile; fileRef = BF9B1B232062F9410031E613 /* BastapLib.cpp */; };
		BF592E942066A4AB0030CE19 /* libc++.tbd in Frameworks */ = {isa = PBXBuildFile; fileRef = BF592E932066A4AB0030CE19 /* libc++.tbd */; };
		BF9B1B212062F8440031E613 /* main.cpp in Sources */ = {isa = PBXBuildFile; fileRef = BF9B1B1F2062F8440031E613 /* main.cpp */; };
/* End PBXBuildFile section */

/* Begin PBXCopyFilesBuildPhase section */
		BF9B1B0D2062F63D0031E613 /* CopyFiles */ = {
			isa = PBXCopyFilesBuildPhase;
			buildActionMask = 2147483647;
			dstPath = /usr/share/man/man1/;
			dstSubfolderSpec = 0;
			files = (
			);
			runOnlyForDeploymentPostprocessing = 1;
		};
/* End PBXCopyFilesBuildPhase section */

/* Begin PBXFileReference section */
		BF592E84206688440030CE19 /* ErrorLogging.h */ = {isa = PBXFileReference; lastKnownFileType = sourcecode.c.h; path = ErrorLogging.h; sourceTree = "<group>"; };
		BF592E8520668AF80030CE19 /* ErrorLogging.cpp */ = {isa = PBXFileReference; lastKnownFileType = sourcecode.cpp.cpp; path = ErrorLogging.cpp; sourceTree = "<group>"; };
		BF592E8720668EAB0030CE19 /* SourceFile.h */ = {isa = PBXFileReference; lastKnownFileType = sourcecode.c.h; path = SourceFile.h; sourceTree = "<group>"; };
		BF592E882066906E0030CE19 /* SourceFile.cpp */ = {isa = PBXFileReference; lastKnownFileType = sourcecode.cpp.cpp; path = SourceFile.cpp; sourceTree = "<group>"; };
		BF592E932066A4AB0030CE19 /* libc++.tbd */ = {isa = PBXFileReference; lastKnownFileType = "sourcecode.text-based-dylib-definition"; name = "libc++.tbd"; path = "usr/lib/libc++.tbd"; sourceTree = SDKROOT; };
		BF7F4BC920630E1300CF5E45 /* TapArchiveBuilder.h */ = {isa = PBXFileReference; lastKnownFileType = sourcecode.c.h; path = TapArchiveBuilder.h; sourceTree = "<group>"; };
		BF7F4BCB206314D600CF5E45 /* TapArchiveBuilder.cpp */ = {isa = PBXFileReference; lastKnownFileType = sourcecode.cpp.cpp; path = TapArchiveBuilder.cpp; sourceTree = "<group>"; };
		BF7F4BD3206455A300CF5E45 /* BasicConvertor.h */ = {isa = PBXFileReference; lastKnownFileType = sourcecode.c.h; path = BasicConvertor.h; sourceTree = "<group>"; };
		BF7F4BD6206456EC00CF5E45 /* BasicConvertor.cpp */ = {isa = PBXFileReference; lastKnownFileType = sourcecode.cpp.cpp; path = BasicConvertor.cpp; sourceTree = "<group>"; };
		BF7F4BD8206458B300CF5E45 /* Tokenizer.h */ = {isa = PBXFileReference; lastKnownFileType = sourcecode.c.h; path = Tokenizer.h; sourceTree = "<group>"; };
		BF7F4BDA20645B8F00CF5E45 /* Tokenizer.cpp */ = {isa = PBXFileReference; lastKnownFileType = sourcecode.cpp.cpp; path = Tokenizer.cpp; sourceTree = "<group>"; };
		BF9B1B0F2062F63D0031E613 /* bastapir */ = {isa = PBXFileReference; explicitFileType = "compiled.mach-o.executable"; includeInIndex = 0; path = bastapir; sourceTree = BUILT_PRODUCTS_DIR; };
		BF9B1B1C2062F7F50031E613 /* Bastapir.h */ = {isa = PBXFileReference; lastKnownFileType = sourcecode.c.h; path = Bastapir.h; sourceTree = "<group>"; };
		BF9B1B1F2062F8440031E613 /* main.cpp */ = {isa = PBXFileReference; lastKnownFileType = sourcecode.cpp.cpp; path = main.cpp; sourceTree = "<group>"; };
		BF9B1B232062F9410031E613 /* BastapLib.cpp */ = {isa = PBXFileReference; lastKnownFileType = sourcecode.cpp.cpp; path = BastapLib.cpp; sourceTree = "<group>"; };
		BF9B1B252062F9840031E613 /* Types.h */ = {isa = PBXFileReference; lastKnownFileType = sourcecode.c.h; path = Types.h; sourceTree = "<group>"; };
		BF9B1B262062FA460031E613 /* FileEntry.h */ = {isa = PBXFileReference; lastKnownFileType = sourcecode.c.h; path = FileEntry.h; sourceTree = "<group>"; };
		BF9B1B3B2062FD650031E613 /* ByteArray.h */ = {isa = PBXFileReference; lastKnownFileType = sourcecode.c.h; path = ByteArray.h; sourceTree = "<group>"; };
		BF9B1B3D2062FE8F0031E613 /* ByteRange.h */ = {isa = PBXFileReference; lastKnownFileType = sourcecode.c.h; path = ByteRange.h; sourceTree = "<group>"; };
		BF9B1B3F2062FFBB0031E613 /* ExceptionsWrapper.h */ = {isa = PBXFileReference; lastKnownFileType = sourcecode.c.h; path = ExceptionsWrapper.h; sourceTree = "<group>"; };
		BFD5939E20659D3C00EBA126 /* readme.md */ = {isa = PBXFileReference; lastKnownFileType = net.daringfireball.markdown; name = readme.md; path = ../readme.md; sourceTree = "<group>"; };
		BFD5939F2065C45800EBA126 /* BasicTextParser.cpp */ = {isa = PBXFileReference; lastKnownFileType = sourcecode.cpp.cpp; path = BasicTextParser.cpp; sourceTree = "<group>"; };
		BFD593A02065C45800EBA126 /* BasicTextParser.h */ = {isa = PBXFileReference; lastKnownFileType = sourcecode.c.h; path = BasicTextParser.h; sourceTree = "<group>"; };
		BFD593A32065C64A00EBA126 /* BasicKeywords.cpp */ = {isa = PBXFileReference; lastKnownFileType = sourcecode.cpp.cpp; path = BasicKeywords.cpp; sourceTree = "<group>"; };
		BFD593A42065C64A00EBA126 /* BasicKeywords.h */ = {isa = PBXFileReference; lastKnownFileType = sourcecode.c.h; path = BasicKeywords.h; sourceTree = "<group>"; };
		BFD593A720666D0000EBA126 /* FileEntry.cpp */ = {isa = PBXFileReference; lastKnownFileType = sourcecode.cpp.cpp; path = FileEntry.cpp; sourceTree = "<group>"; };
/* End PBXFileReference section */

/* Begin PBXFrameworksBuildPhase section */
		BF9B1B0C2062F63D0031E613 /* Frameworks */ = {
			isa = PBXFrameworksBuildPhase;
			buildActionMask = 2147483647;
			files = (
				BF592E942066A4AB0030CE19 /* libc++.tbd in Frameworks */,
			);
			runOnlyForDeploymentPostprocessing = 0;
		};
/* End PBXFrameworksBuildPhase section */

/* Begin PBXGroup section */
		BF7F4BC820630A0F00CF5E45 /* tap */ = {
			isa = PBXGroup;
			children = (
				BF9B1B262062FA460031E613 /* FileEntry.h */,
				BF7F4BC920630E1300CF5E45 /* TapArchiveBuilder.h */,
			);
			path = tap;
			sourceTree = "<group>";
		};
		BF7F4BCA206314C300CF5E45 /* tap */ = {
			isa = PBXGroup;
			children = (
				BFD593A720666D0000EBA126 /* FileEntry.cpp */,
				BF7F4BCB206314D600CF5E45 /* TapArchiveBuilder.cpp */,
			);
			path = tap;
			sourceTree = "<group>";
		};
		BF7F4BCF2063283300CF5E45 /* common */ = {
			isa = PBXGroup;
			children = (
				BF9B1B3E2062FF7C0031E613 /* detail */,
				BF9B1B252062F9840031E613 /* Types.h */,
				BF9B1B3B2062FD650031E613 /* ByteArray.h */,
				BF9B1B3D2062FE8F0031E613 /* ByteRange.h */,
				BF7F4BD8206458B300CF5E45 /* Tokenizer.h */,
				BF592E84206688440030CE19 /* ErrorLogging.h */,
				BF592E8720668EAB0030CE19 /* SourceFile.h */,
			);
			path = common;
			sourceTree = "<group>";
		};
		BF7F4BD0206444A800CF5E45 /* bas */ = {
			isa = PBXGroup;
			children = (
				BF7F4BD3206455A300CF5E45 /* BasicConvertor.h */,
			);
			path = bas;
			sourceTree = "<group>";
		};
		BF7F4BD5206456D400CF5E45 /* bas */ = {
			isa = PBXGroup;
			children = (
				BF7F4BD6206456EC00CF5E45 /* BasicConvertor.cpp */,
				BFD593A02065C45800EBA126 /* BasicTextParser.h */,
				BFD5939F2065C45800EBA126 /* BasicTextParser.cpp */,
				BFD593A42065C64A00EBA126 /* BasicKeywords.h */,
				BFD593A32065C64A00EBA126 /* BasicKeywords.cpp */,
			);
			path = bas;
			sourceTree = "<group>";
		};
		BF7F4BD920645B7E00CF5E45 /* common */ = {
			isa = PBXGroup;
			children = (
				BF7F4BDA20645B8F00CF5E45 /* Tokenizer.cpp */,
				BF592E8520668AF80030CE19 /* ErrorLogging.cpp */,
				BF592E882066906E0030CE19 /* SourceFile.cpp */,
			);
			path = common;
			sourceTree = "<group>";
		};
		BF9B1B062062F63D0031E613 = {
			isa = PBXGroup;
			children = (
				BF9B1B1A2062F7E10031E613 /* include */,
				BF9B1B192062F7E10031E613 /* source */,
				BFD5939D20659D2200EBA126 /* supporting */,
				BF9B1B102062F63D0031E613 /* Products */,
				BF9B1B382062FCC30031E613 /* Frameworks */,
			);
			sourceTree = "<group>";
		};
		BF9B1B102062F63D0031E613 /* Products */ = {
			isa = PBXGroup;
			children = (
				BF9B1B0F2062F63D0031E613 /* bastapir */,
			);
			name = Products;
			sourceTree = "<group>";
		};
		BF9B1B192062F7E10031E613 /* source */ = {
			isa = PBXGroup;
			children = (
				BF9B1B1E2062F80C0031E613 /* app */,
				BF9B1B1D2062F8040031E613 /* library */,
			);
			name = source;
			path = ../source;
			sourceTree = "<group>";
		};
		BF9B1B1A2062F7E10031E613 /* include */ = {
			isa = PBXGroup;
			children = (
				BF9B1B1B2062F7E10031E613 /* bastapir */,
			);
			name = include;
			path = ../include;
			sourceTree = "<group>";
		};
		BF9B1B1B2062F7E10031E613 /* bastapir */ = {
			isa = PBXGroup;
			children = (
				BF7F4BCF2063283300CF5E45 /* common */,
				BF7F4BD0206444A800CF5E45 /* bas */,
				BF7F4BC820630A0F00CF5E45 /* tap */,
				BF9B1B1C2062F7F50031E613 /* Bastapir.h */,
			);
			path = bastapir;
			sourceTree = "<group>";
		};
		BF9B1B1D2062F8040031E613 /* library */ = {
			isa = PBXGroup;
			children = (
				BF7F4BD920645B7E00CF5E45 /* common */,
				BF7F4BD5206456D400CF5E45 /* bas */,
				BF7F4BCA206314C300CF5E45 /* tap */,
				BF9B1B232062F9410031E613 /* BastapLib.cpp */,
			);
			path = library;
			sourceTree = "<group>";
		};
		BF9B1B1E2062F80C0031E613 /* app */ = {
			isa = PBXGroup;
			children = (
				BF9B1B1F2062F8440031E613 /* main.cpp */,
			);
			path = app;
			sourceTree = "<group>";
		};
		BF9B1B382062FCC30031E613 /* Frameworks */ = {
			isa = PBXGroup;
			children = (
				BF592E932066A4AB0030CE19 /* libc++.tbd */,
			);
			name = Frameworks;
			sourceTree = "<group>";
		};
		BF9B1B3E2062FF7C0031E613 /* detail */ = {
			isa = PBXGroup;
			children = (
				BF9B1B3F2062FFBB0031E613 /* ExceptionsWrapper.h */,
			);
			path = detail;
			sourceTree = "<group>";
		};
		BFD5939D20659D2200EBA126 /* supporting */ = {
			isa = PBXGroup;
			children = (
				BFD5939E20659D3C00EBA126 /* readme.md */,
			);
			name = supporting;
			sourceTree = "<group>";
		};
/* End PBXGroup section */

/* Begin PBXNativeTarget section */
		BF9B1B0E2062F63D0031E613 /* bastapir */ = {
			isa = PBXNativeTarget;
			buildConfigurationList = BF9B1B162062F63D0031E613 /* Build configuration list for PBXNativeTarget "bastapir" */;
			buildPhases = (
				BF9B1B0B2062F63D0031E613 /* Sources */,
				BF9B1B0C2062F63D0031E613 /* Frameworks */,
				BF9B1B0D2062F63D0031E613 /* CopyFiles */,
			);
			buildRules = (
			);
			dependencies = (
			);
			name = bastapir;
			productName = bastap;
			productReference = BF9B1B0F2062F63D0031E613 /* bastapir */;
			productType = "com.apple.product-type.tool";
		};
/* End PBXNativeTarget section */

/* Begin PBXProject section */
		BF9B1B072062F63D0031E613 /* Project object */ = {
			isa = PBXProject;
			attributes = {
				LastUpgradeCheck = 0920;
				ORGANIZATIONNAME = "Juraj Ďurech";
				TargetAttributes = {
					BF9B1B0E2062F63D0031E613 = {
						CreatedOnToolsVersion = 9.2;
						ProvisioningStyle = Automatic;
					};
				};
			};
			buildConfigurationList = BF9B1B0A2062F63D0031E613 /* Build configuration list for PBXProject "bastapir" */;
			compatibilityVersion = "Xcode 8.0";
			developmentRegion = en;
			hasScannedForEncodings = 0;
			knownRegions = (
				en,
			);
			mainGroup = BF9B1B062062F63D0031E613;
			productRefGroup = BF9B1B102062F63D0031E613 /* Products */;
			projectDirPath = "";
			projectRoot = "";
			targets = (
				BF9B1B0E2062F63D0031E613 /* bastapir */,
			);
		};
/* End PBXProject section */

/* Begin PBXSourcesBuildPhase section */
		BF9B1B0B2062F63D0031E613 /* Sources */ = {
			isa = PBXSourcesBuildPhase;
			buildActionMask = 2147483647;
			files = (
				BF592E8C2066A3CA0030CE19 /* SourceFile.cpp in Sources */,
				BF592E912066A3E40030CE19 /* FileEntry.cpp in Sources */,
				BF592E8B2066A3CA0030CE19 /* ErrorLogging.cpp in Sources */,
				BF592E8E2066A3DD0030CE19 /* BasicTextParser.cpp in Sources */,
				BF592E8D2066A3DD0030CE19 /* BasicConvertor.cpp in Sources */,
				BF592E902066A3E10030CE19 /* TapArchiveBuilder.cpp in Sources */,
				BF9B1B212062F8440031E613 /* main.cpp in Sources */,
				BF592E8F2066A3DD0030CE19 /* BasicKeywords.cpp in Sources */,
				BF592E922066A3E70030CE19 /* BastapLib.cpp in Sources */,
				BF592E8A2066A3CA0030CE19 /* Tokenizer.cpp in Sources */,
			);
			runOnlyForDeploymentPostprocessing = 0;
		};
/* End PBXSourcesBuildPhase section */

/* Begin XCBuildConfiguration section */
		BF9B1B142062F63D0031E613 /* Debug */ = {
			isa = XCBuildConfiguration;
			buildSettings = {
				ALWAYS_SEARCH_USER_PATHS = NO;
				CLANG_ANALYZER_NONNULL = YES;
				CLANG_ANALYZER_NUMBER_OBJECT_CONVERSION = YES_AGGRESSIVE;
				CLANG_CXX_LANGUAGE_STANDARD = "c++0x";
				CLANG_CXX_LIBRARY = "libc++";
				CLANG_ENABLE_MODULES = YES;
				CLANG_ENABLE_OBJC_ARC = YES;
				CLANG_WARN_BLOCK_CAPTURE_AUTORELEASING = YES;
				CLANG_WARN_BOOL_CONVERSION = YES;
				CLANG_WARN_COMMA = YES;
				CLANG_WARN_CONSTANT_CONVERSION = YES;
				CLANG_WARN_DIRECT_OBJC_ISA_USAGE = YES_ERROR;
				CLANG_WARN_DOCUMENTATION_COMMENTS = YES;
				CLANG_WARN_EMPTY_BODY = YES;
				CLANG_WARN_ENUM_CONVERSION = YES;
				CLANG_WARN_INFINITE_RECURSION = YES;
				CLANG_WARN_INT_CONVERSION = YES;
				CLANG_WARN_NON_LITERAL_NULL_CONVERSION = YES;
				CLANG_WARN_OBJC_LITERAL_CONVERSION = YES;
				CLANG_WARN_OBJC_ROOT_CLASS = YES_ERROR;
				CLANG_WARN_RANGE_LOOP_ANALYSIS = YES;
				CLANG_WARN_STRICT_PROTOTYPES = YES;
				CLANG_WARN_SUSPICIOUS_MOVE = YES;
				CLANG_WARN_UNGUARDED_AVAILABILITY = YES_AGGRESSIVE;
				CLANG_WARN_UNREACHABLE_CODE = YES;
				CLANG_WARN__DUPLICATE_METHOD_MATCH = YES;
				CODE_SIGN_IDENTITY = "-";
				COPY_PHASE_STRIP = NO;
				DEBUG_INFORMATION_FORMAT = dwarf;
				ENABLE_STRICT_OBJC_MSGSEND = YES;
				ENABLE_TESTABILITY = YES;
				GCC_C_LANGUAGE_STANDARD = c11;
				GCC_DYNAMIC_NO_PIC = NO;
				GCC_NO_COMMON_BLOCKS = YES;
				GCC_OPTIMIZATION_LEVEL = 0;
				GCC_PREPROCESSOR_DEFINITIONS = (
					"DEBUG=1",
					"$(inherited)",
				);
				GCC_WARN_64_TO_32_BIT_CONVERSION = YES;
				GCC_WARN_ABOUT_RETURN_TYPE = YES_ERROR;
				GCC_WARN_UNDECLARED_SELECTOR = YES;
				GCC_WARN_UNINITIALIZED_AUTOS = YES_AGGRESSIVE;
				GCC_WARN_UNUSED_FUNCTION = YES;
				GCC_WARN_UNUSED_VARIABLE = YES;
				MACOSX_DEPLOYMENT_TARGET = 10.12;
				MTL_ENABLE_DEBUG_INFO = YES;
				ONLY_ACTIVE_ARCH = YES;
				SDKROOT = macosx;
				SYSTEM_HEADER_SEARCH_PATHS = "$(PROJECT_DIR)/../include";
			};
			name = Debug;
		};
		BF9B1B152062F63D0031E613 /* Release */ = {
			isa = XCBuildConfiguration;
			buildSettings = {
				ALWAYS_SEARCH_USER_PATHS = NO;
				CLANG_ANALYZER_NONNULL = YES;
				CLANG_ANALYZER_NUMBER_OBJECT_CONVERSION = YES_AGGRESSIVE;
				CLANG_CXX_LANGUAGE_STANDARD = "c++0x";
				CLANG_CXX_LIBRARY = "libc++";
				CLANG_ENABLE_MODULES = YES;
				CLANG_ENABLE_OBJC_ARC = YES;
				CLANG_WARN_BLOCK_CAPTURE_AUTORELEASING = YES;
				CLANG_WARN_BOOL_CONVERSION = YES;
				CLANG_WARN_COMMA = YES;
				CLANG_WARN_CONSTANT_CONVERSION = YES;
				CLANG_WARN_DIRECT_OBJC_ISA_USAGE = YES_ERROR;
				CLANG_WARN_DOCUMENTATION_COMMENTS = YES;
				CLANG_WARN_EMPTY_BODY = YES;
				CLANG_WARN_ENUM_CONVERSION = YES;
				CLANG_WARN_INFINITE_RECURSION = YES;
				CLANG_WARN_INT_CONVERSION = YES;
				CLANG_WARN_NON_LITERAL_NULL_CONVERSION = YES;
				CLANG_WARN_OBJC_LITERAL_CONVERSION = YES;
				CLANG_WARN_OBJC_ROOT_CLASS = YES_ERROR;
				CLANG_WARN_RANGE_LOOP_ANALYSIS = YES;
				CLANG_WARN_STRICT_PROTOTYPES = YES;
				CLANG_WARN_SUSPICIOUS_MOVE = YES;
				CLANG_WARN_UNGUARDED_AVAILABILITY = YES_AGGRESSIVE;
				CLANG_WARN_UNREACHABLE_CODE = YES;
				CLANG_WARN__DUPLICATE_METHOD_MATCH = YES;
				CODE_SIGN_IDENTITY = "-";
				COPY_PHASE_STRIP = NO;
				DEBUG_INFORMATION_FORMAT = "dwarf-with-dsym";
				ENABLE_NS_ASSERTIONS = NO;
				ENABLE_STRICT_OBJC_MSGSEND = YES;
				GCC_C_LANGUAGE_STANDARD = c11;
				GCC_NO_COMMON_BLOCKS = YES;
				GCC_WARN_64_TO_32_BIT_CONVERSION = YES;
				GCC_WARN_ABOUT_RETURN_TYPE = YES_ERROR;
				GCC_WARN_UNDECLARED_SELECTOR = YES;
				GCC_WARN_UNINITIALIZED_AUTOS = YES_AGGRESSIVE;
				GCC_WARN_UNUSED_FUNCTION = YES;
				GCC_WARN_UNUSED_VARIABLE = YES;
				MACOSX_DEPLOYMENT_TARGET = 10.12;
				MTL_ENABLE_DEBUG_INFO = NO;
				SDKROOT = macosx;
				SYSTEM_HEADER_SEARCH_PATHS = "$(PROJECT_DIR)/../include";
			};
			name = Release;
		};
		BF9B1B172062F63D0031E613 /* Debug */ = {
			isa = XCBuildConfiguration;
			buildSettings = {
				CODE_SIGN_STYLE = Automatic;
				PRODUCT_NAME = "$(TARGET_NAME)";
			};
			name = Debug;
		};
		BF9B1B182062F63D0031E613 /* Release */ = {
			isa = XCBuildConfiguration;
			buildSettings = {
				CODE_SIGN_STYLE = Automatic;
				PRODUCT_NAME = "$(TARGET_NAME)";
			};
			name = Release;
		};
/* End XCBuildConfiguration section */

/* Begin XCConfigurationList section */
		BF9B1B0A2062F63D0031E613 /* Build configuration list for PBXProject "bastapir" */ = {
			isa = XCConfigurationList;
			buildConfigurations = (
				BF9B1B142062F63D0031E613 /* Debug */,
				BF9B1B152062F63D0031E613 /* Release */,
			);
			defaultConfigurationIsVisible = 0;
			defaultConfigurationName = Release;
		};
		BF9B1B162062F63D0031E613 /* Build configuration list for PBXNativeTarget "bastapir" */ = {
			isa = XCConfigurationList;
			buildConfigurations = (
				BF9B1B172062F63D0031E613 /* Debug */,
				BF9B1B182062F63D0031E613 /* Release */,
			);
			defaultConfigurationIsVisible = 0;
			defaultConfigurationName = Release;
		};
/* End XCConfigurationList section */
	};
	rootObject = BF9B1B072062F63D0031E613 /* Project object */;
}
